PODS:
  - Flutter (1.0.0)
  - gl_canvas (0.0.1):
    - Flutter

DEPENDENCIES:
  - Flutter (from `Flutter`)
  - gl_canvas (from `.symlinks/plugins/gl_canvas/ios`)

EXTERNAL SOURCES:
  Flutter:
    :path: Flutter
  gl_canvas:
    :path: ".symlinks/plugins/gl_canvas/ios"

SPEC CHECKSUMS:
  Flutter: 434fef37c0980e73bb6479ef766c45957d4b510c
  gl_canvas: d80108f9ccc33b878c898178bf9bbc95e90c7b7c

PODFILE CHECKSUM: aafe91acc616949ddb318b77800a7f51bffa2a4c

COCOAPODS: 1.11.2
